
Microsoft Visual Studio Solution File, Format Version 11.00
# Visual Basic Express 2010
Project("{F184B08F-C81C-45F6-A57F-5ABD9991F28F}") = "E-Medical", "E-Medical\E-Medical.vbproj", "{69D5D551-C11F-4549-9BC6-44996F573774}"
EndProject
Global
	GlobalSection(SolutionConfigurationPlatforms) = preSolution
		Debug|x86 = Debug|x86
		Release|x86 = Release|x86
	EndGlobalSection
	GlobalSection(ProjectConfigurationPlatforms) = postSolution
		{69D5D551-C11F-4549-9BC6-44996F573774}.Debug|x86.ActiveCfg = Debug|x86
		{69D5D551-C11F-4549-9BC6-44996F573774}.Debug|x86.Build.0 = Debug|x86
		{69D5D551-C11F-4549-9BC6-44996F573774}.Release|x86.ActiveCfg = Release|x86
		{69D5D551-C11F-4549-9BC6-44996F573774}.Release|x86.Build.0 = Release|x86
	EndGlobalSection
	GlobalSection(SolutionProperties) = preSolution
		HideSolutionNode = FALSE
	EndGlobalSection
EndGlobal
