
Microsoft Visual Studio Solution File, Format Version 11.00
# Visual Basic Express 2010
Project("{F184B08F-C81C-45F6-A57F-5ABD9991F28F}") = "Scientific Calculator", "Scientific Calculator\Scientific Calculator.vbproj", "{76388EBD-C84E-4A7C-BA96-0C9C23AC0A8A}"
EndProject
Global
	GlobalSection(SolutionConfigurationPlatforms) = preSolution
		Debug|x86 = Debug|x86
		Release|x86 = Release|x86
	EndGlobalSection
	GlobalSection(ProjectConfigurationPlatforms) = postSolution
		{76388EBD-C84E-4A7C-BA96-0C9C23AC0A8A}.Debug|x86.ActiveCfg = Debug|x86
		{76388EBD-C84E-4A7C-BA96-0C9C23AC0A8A}.Debug|x86.Build.0 = Debug|x86
		{76388EBD-C84E-4A7C-BA96-0C9C23AC0A8A}.Release|x86.ActiveCfg = Release|x86
		{76388EBD-C84E-4A7C-BA96-0C9C23AC0A8A}.Release|x86.Build.0 = Release|x86
	EndGlobalSection
	GlobalSection(SolutionProperties) = preSolution
		HideSolutionNode = FALSE
	EndGlobalSection
EndGlobal
